
Microsoft Visual Studio Solution File, Format Version 12.00
# Visual Studio Version 16
VisualStudioVersion = 16.0.31702.278
MinimumVisualStudioVersion = 10.0.40219.1
Project("{9A19103F-16F7-4668-BE54-9A1E7A4F7556}") = "ActivityTracker", "ActivityTracker\ActivityTracker.csproj", "{8FEC2245-5E92-4ED5-90AD-BB7F04697589}"
EndProject
Project("{9A19103F-16F7-4668-BE54-9A1E7A4F7556}") = "ActivityTracker.Engine", "ActivityTracker.Engine\ActivityTracker.Engine.csproj", "{BF5D402C-96EA-4C61-83AE-8AF088B5186D}"
EndProject
Project("{9A19103F-16F7-4668-BE54-9A1E7A4F7556}") = "ActivityTracker.Models", "ActivityTracker.Models\ActivityTracker.Models.csproj", "{C36A258B-60AB-4CCB-A130-0274C1FCB103}"
EndProject
Project("{9A19103F-16F7-4668-BE54-9A1E7A4F7556}") = "ActivityTracker.ViewModels", "ActivityTracker.ViewModels\ActivityTracker.ViewModels.csproj", "{7EB4ECBB-F0C9-499E-998B-D8F21DA36CB4}"
EndProject
Project("{FAE04EC0-301F-11D3-BF4B-00C04F79EFBC}") = "ActivityTracker.Repository", "ActivityTracker.Repository\ActivityTracker.Repository.csproj", "{92E114CA-E387-43F1-80F9-893E4A80619D}"
EndProject
Global
	GlobalSection(SolutionConfigurationPlatforms) = preSolution
		Debug|Any CPU = Debug|Any CPU
		Release|Any CPU = Release|Any CPU
	EndGlobalSection
	GlobalSection(ProjectConfigurationPlatforms) = postSolution
		{8FEC2245-5E92-4ED5-90AD-BB7F04697589}.Debug|Any CPU.ActiveCfg = Debug|Any CPU
		{8FEC2245-5E92-4ED5-90AD-BB7F04697589}.Debug|Any CPU.Build.0 = Debug|Any CPU
		{8FEC2245-5E92-4ED5-90AD-BB7F04697589}.Release|Any CPU.ActiveCfg = Release|Any CPU
		{8FEC2245-5E92-4ED5-90AD-BB7F04697589}.Release|Any CPU.Build.0 = Release|Any CPU
		{BF5D402C-96EA-4C61-83AE-8AF088B5186D}.Debug|Any CPU.ActiveCfg = Debug|Any CPU
		{BF5D402C-96EA-4C61-83AE-8AF088B5186D}.Debug|Any CPU.Build.0 = Debug|Any CPU
		{BF5D402C-96EA-4C61-83AE-8AF088B5186D}.Release|Any CPU.ActiveCfg = Release|Any CPU
		{BF5D402C-96EA-4C61-83AE-8AF088B5186D}.Release|Any CPU.Build.0 = Release|Any CPU
		{C36A258B-60AB-4CCB-A130-0274C1FCB103}.Debug|Any CPU.ActiveCfg = Debug|Any CPU
		{C36A258B-60AB-4CCB-A130-0274C1FCB103}.Debug|Any CPU.Build.0 = Debug|Any CPU
		{C36A258B-60AB-4CCB-A130-0274C1FCB103}.Release|Any CPU.ActiveCfg = Release|Any CPU
		{C36A258B-60AB-4CCB-A130-0274C1FCB103}.Release|Any CPU.Build.0 = Release|Any CPU
		{7EB4ECBB-F0C9-499E-998B-D8F21DA36CB4}.Debug|Any CPU.ActiveCfg = Debug|Any CPU
		{7EB4ECBB-F0C9-499E-998B-D8F21DA36CB4}.Debug|Any CPU.Build.0 = Debug|Any CPU
		{7EB4ECBB-F0C9-499E-998B-D8F21DA36CB4}.Release|Any CPU.ActiveCfg = Release|Any CPU
		{7EB4ECBB-F0C9-499E-998B-D8F21DA36CB4}.Release|Any CPU.Build.0 = Release|Any CPU
		{92E114CA-E387-43F1-80F9-893E4A80619D}.Debug|Any CPU.ActiveCfg = Debug|Any CPU
		{92E114CA-E387-43F1-80F9-893E4A80619D}.Debug|Any CPU.Build.0 = Debug|Any CPU
		{92E114CA-E387-43F1-80F9-893E4A80619D}.Release|Any CPU.ActiveCfg = Release|Any CPU
		{92E114CA-E387-43F1-80F9-893E4A80619D}.Release|Any CPU.Build.0 = Release|Any CPU
	EndGlobalSection
	GlobalSection(SolutionProperties) = preSolution
		HideSolutionNode = FALSE
	EndGlobalSection
	GlobalSection(ExtensibilityGlobals) = postSolution
		SolutionGuid = {BD85BD48-CF48-4F8C-8C1D-4C2B1826227E}
	EndGlobalSection
EndGlobal
